
Microsoft Visual Studio Solution File, Format Version 12.00
# Visual Studio 15
VisualStudioVersion = 15.0.27130.2036
MinimumVisualStudioVersion = 10.0.40219.1
Project("{FAE04EC0-301F-11D3-BF4B-00C04F79EFBC}") = "CustomerProject", "CustomerProject\CustomerProject.csproj", "{548C1FFD-5053-49C6-B1AC-159A4795107A}"
EndProject
Global
	GlobalSection(SolutionConfigurationPlatforms) = preSolution
		Debug|Any CPU = Debug|Any CPU
		Release|Any CPU = Release|Any CPU
	EndGlobalSection
	GlobalSection(ProjectConfigurationPlatforms) = postSolution
		{548C1FFD-5053-49C6-B1AC-159A4795107A}.Debug|Any CPU.ActiveCfg = Debug|Any CPU
		{548C1FFD-5053-49C6-B1AC-159A4795107A}.Debug|Any CPU.Build.0 = Debug|Any CPU
		{548C1FFD-5053-49C6-B1AC-159A4795107A}.Release|Any CPU.ActiveCfg = Release|Any CPU
		{548C1FFD-5053-49C6-B1AC-159A4795107A}.Release|Any CPU.Build.0 = Release|Any CPU
	EndGlobalSection
	GlobalSection(SolutionProperties) = preSolution
		HideSolutionNode = FALSE
	EndGlobalSection
	GlobalSection(ExtensibilityGlobals) = postSolution
		SolutionGuid = {A4FD6A37-7828-4183-8B28-A35E34CCE932}
	EndGlobalSection
EndGlobal
